
Microsoft Visual Studio Solution File, Format Version 12.00
# Visual Studio 15
VisualStudioVersion = 15.0.28307.168
MinimumVisualStudioVersion = 10.0.40219.1
Project("{FAE04EC0-301F-11D3-BF4B-00C04F79EFBC}") = "Sorting_a_List_of_Numbers", "Sorting_a_List_of_Numbers\Sorting_a_List_of_Numbers.csproj", "{3D82EE15-F032-4614-8E51-ED106DC840DD}"
EndProject
Global
	GlobalSection(SolutionConfigurationPlatforms) = preSolution
		Debug|Any CPU = Debug|Any CPU
		Release|Any CPU = Release|Any CPU
	EndGlobalSection
	GlobalSection(ProjectConfigurationPlatforms) = postSolution
		{3D82EE15-F032-4614-8E51-ED106DC840DD}.Debug|Any CPU.ActiveCfg = Debug|Any CPU
		{3D82EE15-F032-4614-8E51-ED106DC840DD}.Debug|Any CPU.Build.0 = Debug|Any CPU
		{3D82EE15-F032-4614-8E51-ED106DC840DD}.Release|Any CPU.ActiveCfg = Release|Any CPU
		{3D82EE15-F032-4614-8E51-ED106DC840DD}.Release|Any CPU.Build.0 = Release|Any CPU
	EndGlobalSection
	GlobalSection(SolutionProperties) = preSolution
		HideSolutionNode = FALSE
	EndGlobalSection
	GlobalSection(ExtensibilityGlobals) = postSolution
		SolutionGuid = {A615D7AA-59A8-4BF3-ACFF-2C2D39CE1679}
	EndGlobalSection
EndGlobal
